
Microsoft Visual Studio Solution File, Format Version 12.00
# Visual Studio Version 17
VisualStudioVersion = 17.1.32228.430
MinimumVisualStudioVersion = 10.0.40219.1
Project("{2150E333-8FDC-42A3-9474-1A3956D46DE8}") = "Solution Items", "Solution Items", "{C29BDB43-F672-4CEA-8696-2A1A0C38F8FF}"
	ProjectSection(SolutionItems) = preProject
		.editorconfig = .editorconfig
	EndProjectSection
EndProject
Project("{9A19103F-16F7-4668-BE54-9A1E7A4F7556}") = "Service FTP", "Service FTP\Service FTP.csproj", "{EC532CE0-2DC8-4591-AC9C-C83A08A7B8EB}"
EndProject
Project("{9A19103F-16F7-4668-BE54-9A1E7A4F7556}") = "WebSite", "WebSite\WebSite.csproj", "{EBD5F62A-D59B-4552-9DB5-A5446863892C}"
EndProject
Project("{9A19103F-16F7-4668-BE54-9A1E7A4F7556}") = "Auth LDAP_AD Model", "Auth LDAP_AD Model\Auth LDAP_AD Model.csproj", "{D8273B47-6C09-4506-95A1-4C1A53362E77}"
EndProject
Project("{9A19103F-16F7-4668-BE54-9A1E7A4F7556}") = "Barrage API", "Barrage API\Barrage API.csproj", "{7D4F6EC7-1EC0-402D-AF20-91ACDF3A56F2}"
EndProject
Project("{9A19103F-16F7-4668-BE54-9A1E7A4F7556}") = "Barrage Model", "Barrage Model\Barrage Model.csproj", "{C5F7FA16-5235-43A8-A88E-7A0380A06919}"
EndProject
Project("{9A19103F-16F7-4668-BE54-9A1E7A4F7556}") = "Auth LDAP_AD API", "Auth LDAP_AD API\Auth LDAP_AD API.csproj", "{D84FCEA7-995E-437E-8B2E-2CC80D036D75}"
EndProject
Global
	GlobalSection(SolutionConfigurationPlatforms) = preSolution
		Debug|Any CPU = Debug|Any CPU
		Release|Any CPU = Release|Any CPU
	EndGlobalSection
	GlobalSection(ProjectConfigurationPlatforms) = postSolution
		{EC532CE0-2DC8-4591-AC9C-C83A08A7B8EB}.Debug|Any CPU.ActiveCfg = Debug|Any CPU
		{EC532CE0-2DC8-4591-AC9C-C83A08A7B8EB}.Debug|Any CPU.Build.0 = Debug|Any CPU
		{EC532CE0-2DC8-4591-AC9C-C83A08A7B8EB}.Release|Any CPU.ActiveCfg = Release|Any CPU
		{EC532CE0-2DC8-4591-AC9C-C83A08A7B8EB}.Release|Any CPU.Build.0 = Release|Any CPU
		{EBD5F62A-D59B-4552-9DB5-A5446863892C}.Debug|Any CPU.ActiveCfg = Debug|Any CPU
		{EBD5F62A-D59B-4552-9DB5-A5446863892C}.Debug|Any CPU.Build.0 = Debug|Any CPU
		{EBD5F62A-D59B-4552-9DB5-A5446863892C}.Release|Any CPU.ActiveCfg = Release|Any CPU
		{EBD5F62A-D59B-4552-9DB5-A5446863892C}.Release|Any CPU.Build.0 = Release|Any CPU
		{D8273B47-6C09-4506-95A1-4C1A53362E77}.Debug|Any CPU.ActiveCfg = Debug|Any CPU
		{D8273B47-6C09-4506-95A1-4C1A53362E77}.Debug|Any CPU.Build.0 = Debug|Any CPU
		{D8273B47-6C09-4506-95A1-4C1A53362E77}.Release|Any CPU.ActiveCfg = Release|Any CPU
		{D8273B47-6C09-4506-95A1-4C1A53362E77}.Release|Any CPU.Build.0 = Release|Any CPU
		{7D4F6EC7-1EC0-402D-AF20-91ACDF3A56F2}.Debug|Any CPU.ActiveCfg = Debug|Any CPU
		{7D4F6EC7-1EC0-402D-AF20-91ACDF3A56F2}.Debug|Any CPU.Build.0 = Debug|Any CPU
		{7D4F6EC7-1EC0-402D-AF20-91ACDF3A56F2}.Release|Any CPU.ActiveCfg = Release|Any CPU
		{7D4F6EC7-1EC0-402D-AF20-91ACDF3A56F2}.Release|Any CPU.Build.0 = Release|Any CPU
		{C5F7FA16-5235-43A8-A88E-7A0380A06919}.Debug|Any CPU.ActiveCfg = Debug|Any CPU
		{C5F7FA16-5235-43A8-A88E-7A0380A06919}.Debug|Any CPU.Build.0 = Debug|Any CPU
		{C5F7FA16-5235-43A8-A88E-7A0380A06919}.Release|Any CPU.ActiveCfg = Release|Any CPU
		{C5F7FA16-5235-43A8-A88E-7A0380A06919}.Release|Any CPU.Build.0 = Release|Any CPU
		{D84FCEA7-995E-437E-8B2E-2CC80D036D75}.Debug|Any CPU.ActiveCfg = Debug|Any CPU
		{D84FCEA7-995E-437E-8B2E-2CC80D036D75}.Debug|Any CPU.Build.0 = Debug|Any CPU
		{D84FCEA7-995E-437E-8B2E-2CC80D036D75}.Release|Any CPU.ActiveCfg = Release|Any CPU
		{D84FCEA7-995E-437E-8B2E-2CC80D036D75}.Release|Any CPU.Build.0 = Release|Any CPU
	EndGlobalSection
	GlobalSection(SolutionProperties) = preSolution
		HideSolutionNode = FALSE
	EndGlobalSection
	GlobalSection(ExtensibilityGlobals) = postSolution
		SolutionGuid = {C4A14694-21EE-4514-AD3D-2F9E149F01B0}
	EndGlobalSection
EndGlobal
